
Microsoft Visual Studio Solution File, Format Version 12.00
# Visual Studio Version 17
VisualStudioVersion = 17.14.36109.1
MinimumVisualStudioVersion = 10.0.40219.1
Project("{FAE04EC0-301F-11D3-BF4B-00C04F79EFBC}") = "ApiGateway", "ApiGateway\ApiGateway.csproj", "{769E5DF4-7E32-40F3-BD29-AA04508C18C8}"
EndProject
Project("{FAE04EC0-301F-11D3-BF4B-00C04F79EFBC}") = "PaymentService", "PaymentService\PaymentService.csproj", "{CEDF4783-70A3-4C35-AF57-F4E674DB3E2A}"
EndProject
Project("{FAE04EC0-301F-11D3-BF4B-00C04F79EFBC}") = "InventoryService", "InventoryService\InventoryService.csproj", "{55C4E592-7950-4FF4-9EA0-43A50DFC1DE6}"
EndProject
Project("{FAE04EC0-301F-11D3-BF4B-00C04F79EFBC}") = "UserService", "UserService\UserService.csproj", "{35737769-DE7C-49D9-B742-FF7A57CB90C7}"
EndProject
Project("{FAE04EC0-301F-11D3-BF4B-00C04F79EFBC}") = "OrderService", "OrderService\OrderService.csproj", "{4A24140B-6F61-4D3B-9436-7710ECB2C451}"
EndProject
Project("{FAE04EC0-301F-11D3-BF4B-00C04F79EFBC}") = "PRN232_Seminar.Shared", "PRN232_Seminar.Shared\PRN232_Seminar.Shared.csproj", "{5AF10FEB-4109-48CC-AC24-2B98C2106B92}"
EndProject
Project("{FAE04EC0-301F-11D3-BF4B-00C04F79EFBC}") = "TransactionService", "TransactionService\TransactionService.csproj", "{346B64F9-79BD-418C-9B24-A6A6262DF7A7}"
EndProject
Project("{FAE04EC0-301F-11D3-BF4B-00C04F79EFBC}") = "BalanceService", "BalanceService\BalanceService.csproj", "{84B94BFA-0754-4681-BE36-DB6013B254B1}"
EndProject
Project("{FAE04EC0-301F-11D3-BF4B-00C04F79EFBC}") = "NotificationService", "NotificationService\NotificationService.csproj", "{CCC6E20E-BF28-423E-B2A2-99367C8A39C2}"
EndProject
Project("{FAE04EC0-301F-11D3-BF4B-00C04F79EFBC}") = "AuthService", "AuthService\AuthService.csproj", "{6AF68ECC-4FEF-41EF-8198-8CDDE39674EC}"
EndProject
Project("{FAE04EC0-301F-11D3-BF4B-00C04F79EFBC}") = "UserProfileService", "UserProfileService\UserProfileService.csproj", "{E387A047-CD00-4BA5-8500-F040DDF74BDB}"
EndProject
Global
	GlobalSection(SolutionConfigurationPlatforms) = preSolution
		Debug|Any CPU = Debug|Any CPU
		Release|Any CPU = Release|Any CPU
	EndGlobalSection
	GlobalSection(ProjectConfigurationPlatforms) = postSolution
		{769E5DF4-7E32-40F3-BD29-AA04508C18C8}.Debug|Any CPU.ActiveCfg = Debug|Any CPU
		{769E5DF4-7E32-40F3-BD29-AA04508C18C8}.Debug|Any CPU.Build.0 = Debug|Any CPU
		{769E5DF4-7E32-40F3-BD29-AA04508C18C8}.Release|Any CPU.ActiveCfg = Release|Any CPU
		{769E5DF4-7E32-40F3-BD29-AA04508C18C8}.Release|Any CPU.Build.0 = Release|Any CPU
		{CEDF4783-70A3-4C35-AF57-F4E674DB3E2A}.Debug|Any CPU.ActiveCfg = Debug|Any CPU
		{CEDF4783-70A3-4C35-AF57-F4E674DB3E2A}.Debug|Any CPU.Build.0 = Debug|Any CPU
		{CEDF4783-70A3-4C35-AF57-F4E674DB3E2A}.Release|Any CPU.ActiveCfg = Release|Any CPU
		{CEDF4783-70A3-4C35-AF57-F4E674DB3E2A}.Release|Any CPU.Build.0 = Release|Any CPU
		{55C4E592-7950-4FF4-9EA0-43A50DFC1DE6}.Debug|Any CPU.ActiveCfg = Debug|Any CPU
		{55C4E592-7950-4FF4-9EA0-43A50DFC1DE6}.Debug|Any CPU.Build.0 = Debug|Any CPU
		{55C4E592-7950-4FF4-9EA0-43A50DFC1DE6}.Release|Any CPU.ActiveCfg = Release|Any CPU
		{55C4E592-7950-4FF4-9EA0-43A50DFC1DE6}.Release|Any CPU.Build.0 = Release|Any CPU
		{35737769-DE7C-49D9-B742-FF7A57CB90C7}.Debug|Any CPU.ActiveCfg = Debug|Any CPU
		{35737769-DE7C-49D9-B742-FF7A57CB90C7}.Debug|Any CPU.Build.0 = Debug|Any CPU
		{35737769-DE7C-49D9-B742-FF7A57CB90C7}.Release|Any CPU.ActiveCfg = Release|Any CPU
		{35737769-DE7C-49D9-B742-FF7A57CB90C7}.Release|Any CPU.Build.0 = Release|Any CPU
		{4A24140B-6F61-4D3B-9436-7710ECB2C451}.Debug|Any CPU.ActiveCfg = Debug|Any CPU
		{4A24140B-6F61-4D3B-9436-7710ECB2C451}.Debug|Any CPU.Build.0 = Debug|Any CPU
		{4A24140B-6F61-4D3B-9436-7710ECB2C451}.Release|Any CPU.ActiveCfg = Release|Any CPU
		{4A24140B-6F61-4D3B-9436-7710ECB2C451}.Release|Any CPU.Build.0 = Release|Any CPU
		{5AF10FEB-4109-48CC-AC24-2B98C2106B92}.Debug|Any CPU.ActiveCfg = Debug|Any CPU
		{5AF10FEB-4109-48CC-AC24-2B98C2106B92}.Debug|Any CPU.Build.0 = Debug|Any CPU
		{5AF10FEB-4109-48CC-AC24-2B98C2106B92}.Release|Any CPU.ActiveCfg = Release|Any CPU
		{5AF10FEB-4109-48CC-AC24-2B98C2106B92}.Release|Any CPU.Build.0 = Release|Any CPU
		{346B64F9-79BD-418C-9B24-A6A6262DF7A7}.Debug|Any CPU.ActiveCfg = Debug|Any CPU
		{346B64F9-79BD-418C-9B24-A6A6262DF7A7}.Debug|Any CPU.Build.0 = Debug|Any CPU
		{346B64F9-79BD-418C-9B24-A6A6262DF7A7}.Release|Any CPU.ActiveCfg = Release|Any CPU
		{346B64F9-79BD-418C-9B24-A6A6262DF7A7}.Release|Any CPU.Build.0 = Release|Any CPU
		{84B94BFA-0754-4681-BE36-DB6013B254B1}.Debug|Any CPU.ActiveCfg = Debug|Any CPU
		{84B94BFA-0754-4681-BE36-DB6013B254B1}.Debug|Any CPU.Build.0 = Debug|Any CPU
		{84B94BFA-0754-4681-BE36-DB6013B254B1}.Release|Any CPU.ActiveCfg = Release|Any CPU
		{84B94BFA-0754-4681-BE36-DB6013B254B1}.Release|Any CPU.Build.0 = Release|Any CPU
		{CCC6E20E-BF28-423E-B2A2-99367C8A39C2}.Debug|Any CPU.ActiveCfg = Debug|Any CPU
		{CCC6E20E-BF28-423E-B2A2-99367C8A39C2}.Debug|Any CPU.Build.0 = Debug|Any CPU
		{CCC6E20E-BF28-423E-B2A2-99367C8A39C2}.Release|Any CPU.ActiveCfg = Release|Any CPU
		{CCC6E20E-BF28-423E-B2A2-99367C8A39C2}.Release|Any CPU.Build.0 = Release|Any CPU
		{6AF68ECC-4FEF-41EF-8198-8CDDE39674EC}.Debug|Any CPU.ActiveCfg = Debug|Any CPU
		{6AF68ECC-4FEF-41EF-8198-8CDDE39674EC}.Debug|Any CPU.Build.0 = Debug|Any CPU
		{6AF68ECC-4FEF-41EF-8198-8CDDE39674EC}.Release|Any CPU.ActiveCfg = Release|Any CPU
		{6AF68ECC-4FEF-41EF-8198-8CDDE39674EC}.Release|Any CPU.Build.0 = Release|Any CPU
		{E387A047-CD00-4BA5-8500-F040DDF74BDB}.Debug|Any CPU.ActiveCfg = Debug|Any CPU
		{E387A047-CD00-4BA5-8500-F040DDF74BDB}.Debug|Any CPU.Build.0 = Debug|Any CPU
		{E387A047-CD00-4BA5-8500-F040DDF74BDB}.Release|Any CPU.ActiveCfg = Release|Any CPU
		{E387A047-CD00-4BA5-8500-F040DDF74BDB}.Release|Any CPU.Build.0 = Release|Any CPU
	EndGlobalSection
	GlobalSection(SolutionProperties) = preSolution
		HideSolutionNode = FALSE
	EndGlobalSection
	GlobalSection(ExtensibilityGlobals) = postSolution
		SolutionGuid = {A0EEB193-D99D-44BF-85A9-E69DB81DC633}
	EndGlobalSection
EndGlobal
